{
  "name": "playwright-extractor",
  "version": "1.0.0",
  "lockfileVersion": 3,
  "requires": true,
  "packages": {
    "": {
      "name": "playwright-extractor",
      "version": "1.0.0",
      "dependencies": {
        "express": "^4.18.2",
        "playwright": "1.52.0",
        "better-sqlite3": "^8.5.0"
      }
    },
    "node_modules/express": {
      "version": "4.18.2",
      "resolved": "https://registry.npmjs.org/express/-/express-4.18.2.tgz",
      "integrity": "sha512-bIyyP7tt/VoP3rtAs2vlz6wZnRwvz8Yu5aBAi6qpvKIXUyIl5JLCQk6xFJ6vvHzfO2QF56mrK29r4GPcuG4htA==",
      "dependencies": {
        "accepts": "~1.3.8",
        "array-flatten": "1.1.1",
        "body-parser": "1.20.2",
        "content-disposition": "0.5.4",
        "content-type": "~1.0.4",
        "cookie": "0.5.0",
        "cookie-signature": "1.0.6",
        "debug": "2.6.9",
        "depd": "~2.0.0",
        "encodeurl": "~1.0.2",
        "escape-html": "~1.0.3",
        "etag": "~1.8.1",
        "finalhandler": "1.2.0",
        "fresh": "0.5.2",
        "merge-descriptors": "1.0.1",
        "methods": "~1.1.2",
        "on-finished": "2.4.1",
        "parseurl": "~1.3.3",
        "path-to-regexp": "0.1.7",
        "proxy-addr": "~2.0.7",
        "qs": "6.11.0",
        "range-parser": "~1.2.1",
        "safe-buffer": "5.2.1",
        "send": "0.18.0",
        "serve-static": "1.15.0",
        "setprototypeof": "1.2.0",
        "statuses": "2.0.1",
        "type-is": "~1.6.18",
        "utils-merge": "1.0.1",
        "vary": "~1.1.2"
      }
    },
    "node_modules/better-sqlite3": {
      "version": "8.5.0",
      "resolved": "https://registry.npmjs.org/better-sqlite3/-/better-sqlite3-8.5.0.tgz",
      "integrity": "sha512-Cu1c/xBxDt7YsWH30pSx1RmoZTsQp8ulbBv8N+Yvgu2vZNRfZkVQaH1B6FCc8DXZseFwPB2vXrR2Z+NLXjytvw=="
    },
    "node_modules/playwright": {
      "version": "1.52.0",
      "resolved": "https://registry.npmjs.org/playwright/-/playwright-1.52.0.tgz",
      "integrity": "sha512-cs+m+Nl0+JIGB4T3hcv3+3+zfnvQbLECsHcMLgE86pj71+wWqZzFBRRQJ6a2e47GLX0A8nMGiZCYH01kIbskPA==",
      "dependencies": {
        "debug": "^4.3.4",
        "fast-json-stable-stringify": "^2.1.0",
        "rimraf": "^5.0.0",
        "ws": "^8.13.0"
      }
    }
  },
  "dependencies": {
    "express": {
      "version": "4.18.2",
      "resolved": "https://registry.npmjs.org/express/-/express-4.18.2.tgz",
      "integrity": "sha512-bIyyP7tt/VoP3rtAs2vlz6wZnRwvz8Yu5aBAi6qpvKIXUyIl5JLCQk6xFJ6vvHzfO2QF56mrK29r4GPcuG4htA=="
    },
    "better-sqlite3": {
      "version": "8.5.0",
      "resolved": "https://registry.npmjs.org/better-sqlite3/-/better-sqlite3-8.5.0.tgz",
      "integrity": "sha512-Cu1c/xBxDt7YsWH30pSx1RmoZTsQp8ulbBv8N+Yvgu2vZNRfZkVQaH1B6FCc8DXZseFwPB2vXrR2Z+NLXjytvw=="
    },
    "playwright": {
      "version": "1.52.0",
      "resolved": "https://registry.npmjs.org/playwright/-/playwright-1.52.0.tgz",
      "integrity": "sha512-cs+m+Nl0+JIGB4T3hcv3+3+zfnvQbLECsHcMLgE86pj71+wWqZzFBRRQJ6a2e47GLX0A8nMGiZCYH01kIbskPA=="
    }
  }
}
